
Microsoft Visual Studio Solution File, Format Version 12.00
# Visual Studio Version 16
VisualStudioVersion = 16.0.810.9
MinimumVisualStudioVersion = 10.0.40219.1
Project("{FAE04EC0-301F-11D3-BF4B-00C04F79EFBC}") = "TickerTracker", "TickerTracker.csproj", "{2B52E737-E0BF-46D9-A0F9-DCA4B2E661DA}"
EndProject
Global
	GlobalSection(SolutionConfigurationPlatforms) = preSolution
		Debug|Any CPU = Debug|Any CPU
		Release|Any CPU = Release|Any CPU
	EndGlobalSection
	GlobalSection(ProjectConfigurationPlatforms) = postSolution
		{2B52E737-E0BF-46D9-A0F9-DCA4B2E661DA}.Debug|Any CPU.ActiveCfg = Debug|Any CPU
		{2B52E737-E0BF-46D9-A0F9-DCA4B2E661DA}.Debug|Any CPU.Build.0 = Debug|Any CPU
		{2B52E737-E0BF-46D9-A0F9-DCA4B2E661DA}.Release|Any CPU.ActiveCfg = Release|Any CPU
		{2B52E737-E0BF-46D9-A0F9-DCA4B2E661DA}.Release|Any CPU.Build.0 = Release|Any CPU
	EndGlobalSection
	GlobalSection(SolutionProperties) = preSolution
		HideSolutionNode = FALSE
	EndGlobalSection
	GlobalSection(ExtensibilityGlobals) = postSolution
		SolutionGuid = {4299C350-7587-4743-8962-6D4CAA788B5B}
	EndGlobalSection
EndGlobal
